
Microsoft Visual Studio Solution File, Format Version 12.00
# Visual Studio Version 16
VisualStudioVersion = 16.0.31702.278
MinimumVisualStudioVersion = 10.0.40219.1
Project("{9A19103F-16F7-4668-BE54-9A1E7A4F7556}") = "Infrastructure", "Infrastructure\Infrastructure.csproj", "{F55D7406-E0F7-45A5-8E74-345293E2E7B1}"
EndProject
Project("{2150E333-8FDC-42A3-9474-1A3956D46DE8}") = "Plugins", "Plugins", "{C780C672-B2D3-4C38-9413-1ABBA88885BD}"
EndProject
Project("{2150E333-8FDC-42A3-9474-1A3956D46DE8}") = "Runners", "Runners", "{83436BDF-C680-415C-B125-A66C5C4990FB}"
EndProject
Project("{9A19103F-16F7-4668-BE54-9A1E7A4F7556}") = "ConsoleApp", "Runners\ConsoleApp\ConsoleApp.csproj", "{80D38051-682C-4143-82F7-8677DB46B85C}"
EndProject
Project("{2150E333-8FDC-42A3-9474-1A3956D46DE8}") = "Shared", "Shared", "{E7F48F48-E9EC-4A7E-9B90-1C1EFB91D2FD}"
EndProject
Project("{9A19103F-16F7-4668-BE54-9A1E7A4F7556}") = "BasePlugin", "Shared\BasePlugin\BasePlugin.csproj", "{FF100B43-5618-4112-AE6A-8BA80705836E}"
EndProject
Project("{9A19103F-16F7-4668-BE54-9A1E7A4F7556}") = "DiceRoller", "Plugins\DiceRoller\DiceRoller.csproj", "{D44A1B3E-E2D1-4B05-B74C-130B41007918}"
EndProject
Project("{9A19103F-16F7-4668-BE54-9A1E7A4F7556}") = "CountDown", "Plugins\CountDown\CountDown.csproj", "{0B1CA8E5-3072-43E9-BD78-B1F7EAD09BA4}"
EndProject
Project("{9A19103F-16F7-4668-BE54-9A1E7A4F7556}") = "Dal", "Shared\Dal\Dal\Dal.csproj", "{2620AC97-9CB4-4C58-A9CC-75ABC66C88C8}"
EndProject
Project("{9A19103F-16F7-4668-BE54-9A1E7A4F7556}") = "Dals", "Dals\Dals.csproj", "{2040B837-0359-4281-9ECA-87B58F3B62DA}"
EndProject
Project("{9A19103F-16F7-4668-BE54-9A1E7A4F7556}") = "Counter", "Plugins\Counter\Counter.csproj", "{94E082C8-A315-4706-AFE7-737311408B9D}"
EndProject
Project("{9A19103F-16F7-4668-BE54-9A1E7A4F7556}") = "EchoPlugin", "Plugins\Echo\EchoPlugin.csproj", "{BE0764C8-24F3-445C-8A34-0FF4BD730696}"
EndProject
Project("{9A19103F-16F7-4668-BE54-9A1E7A4F7556}") = "ListPlugin", "Plugins\List\ListPlugin.csproj", "{A3017B0D-BC3A-45B3-89B1-206159BE8FA6}"
EndProject
Project("{9A19103F-16F7-4668-BE54-9A1E7A4F7556}") = "CountTheWords", "Plugins\CountWords\CountTheWords.csproj", "{8F03F228-0CD9-44B4-BAD1-C7D4E1399F0B}"
Project("{9A19103F-16F7-4668-BE54-9A1E7A4F7556}") = "CountWordPlugin", "Plugins\CountWord\CountWordPlugin.csproj", "{7DA2498A-C086-4046-AFF8-331B3D10C2B5}"
EndProject
Global
	GlobalSection(SolutionConfigurationPlatforms) = preSolution
		Debug|Any CPU = Debug|Any CPU
		Release|Any CPU = Release|Any CPU
	EndGlobalSection
	GlobalSection(ProjectConfigurationPlatforms) = postSolution
		{F55D7406-E0F7-45A5-8E74-345293E2E7B1}.Debug|Any CPU.ActiveCfg = Debug|Any CPU
		{F55D7406-E0F7-45A5-8E74-345293E2E7B1}.Debug|Any CPU.Build.0 = Debug|Any CPU
		{F55D7406-E0F7-45A5-8E74-345293E2E7B1}.Release|Any CPU.ActiveCfg = Release|Any CPU
		{F55D7406-E0F7-45A5-8E74-345293E2E7B1}.Release|Any CPU.Build.0 = Release|Any CPU
		{80D38051-682C-4143-82F7-8677DB46B85C}.Debug|Any CPU.ActiveCfg = Debug|Any CPU
		{80D38051-682C-4143-82F7-8677DB46B85C}.Debug|Any CPU.Build.0 = Debug|Any CPU
		{80D38051-682C-4143-82F7-8677DB46B85C}.Release|Any CPU.ActiveCfg = Release|Any CPU
		{80D38051-682C-4143-82F7-8677DB46B85C}.Release|Any CPU.Build.0 = Release|Any CPU
		{FF100B43-5618-4112-AE6A-8BA80705836E}.Debug|Any CPU.ActiveCfg = Debug|Any CPU
		{FF100B43-5618-4112-AE6A-8BA80705836E}.Debug|Any CPU.Build.0 = Debug|Any CPU
		{FF100B43-5618-4112-AE6A-8BA80705836E}.Release|Any CPU.ActiveCfg = Release|Any CPU
		{FF100B43-5618-4112-AE6A-8BA80705836E}.Release|Any CPU.Build.0 = Release|Any CPU
		{D44A1B3E-E2D1-4B05-B74C-130B41007918}.Debug|Any CPU.ActiveCfg = Debug|Any CPU
		{D44A1B3E-E2D1-4B05-B74C-130B41007918}.Debug|Any CPU.Build.0 = Debug|Any CPU
		{D44A1B3E-E2D1-4B05-B74C-130B41007918}.Release|Any CPU.ActiveCfg = Release|Any CPU
		{D44A1B3E-E2D1-4B05-B74C-130B41007918}.Release|Any CPU.Build.0 = Release|Any CPU
		{0B1CA8E5-3072-43E9-BD78-B1F7EAD09BA4}.Debug|Any CPU.ActiveCfg = Debug|Any CPU
		{0B1CA8E5-3072-43E9-BD78-B1F7EAD09BA4}.Debug|Any CPU.Build.0 = Debug|Any CPU
		{0B1CA8E5-3072-43E9-BD78-B1F7EAD09BA4}.Release|Any CPU.ActiveCfg = Release|Any CPU
		{0B1CA8E5-3072-43E9-BD78-B1F7EAD09BA4}.Release|Any CPU.Build.0 = Release|Any CPU
		{2620AC97-9CB4-4C58-A9CC-75ABC66C88C8}.Debug|Any CPU.ActiveCfg = Debug|Any CPU
		{2620AC97-9CB4-4C58-A9CC-75ABC66C88C8}.Debug|Any CPU.Build.0 = Debug|Any CPU
		{2620AC97-9CB4-4C58-A9CC-75ABC66C88C8}.Release|Any CPU.ActiveCfg = Release|Any CPU
		{2620AC97-9CB4-4C58-A9CC-75ABC66C88C8}.Release|Any CPU.Build.0 = Release|Any CPU
		{2040B837-0359-4281-9ECA-87B58F3B62DA}.Debug|Any CPU.ActiveCfg = Debug|Any CPU
		{2040B837-0359-4281-9ECA-87B58F3B62DA}.Debug|Any CPU.Build.0 = Debug|Any CPU
		{2040B837-0359-4281-9ECA-87B58F3B62DA}.Release|Any CPU.ActiveCfg = Release|Any CPU
		{2040B837-0359-4281-9ECA-87B58F3B62DA}.Release|Any CPU.Build.0 = Release|Any CPU
		{94E082C8-A315-4706-AFE7-737311408B9D}.Debug|Any CPU.ActiveCfg = Debug|Any CPU
		{94E082C8-A315-4706-AFE7-737311408B9D}.Debug|Any CPU.Build.0 = Debug|Any CPU
		{94E082C8-A315-4706-AFE7-737311408B9D}.Release|Any CPU.ActiveCfg = Release|Any CPU
		{94E082C8-A315-4706-AFE7-737311408B9D}.Release|Any CPU.Build.0 = Release|Any CPU
		{BE0764C8-24F3-445C-8A34-0FF4BD730696}.Debug|Any CPU.ActiveCfg = Debug|Any CPU
		{BE0764C8-24F3-445C-8A34-0FF4BD730696}.Debug|Any CPU.Build.0 = Debug|Any CPU
		{BE0764C8-24F3-445C-8A34-0FF4BD730696}.Release|Any CPU.ActiveCfg = Release|Any CPU
		{BE0764C8-24F3-445C-8A34-0FF4BD730696}.Release|Any CPU.Build.0 = Release|Any CPU
		{A3017B0D-BC3A-45B3-89B1-206159BE8FA6}.Debug|Any CPU.ActiveCfg = Debug|Any CPU
		{A3017B0D-BC3A-45B3-89B1-206159BE8FA6}.Debug|Any CPU.Build.0 = Debug|Any CPU
		{A3017B0D-BC3A-45B3-89B1-206159BE8FA6}.Release|Any CPU.ActiveCfg = Release|Any CPU
		{A3017B0D-BC3A-45B3-89B1-206159BE8FA6}.Release|Any CPU.Build.0 = Release|Any CPU

		{8F03F228-0CD9-44B4-BAD1-C7D4E1399F0B}.Debug|Any CPU.ActiveCfg = Debug|Any CPU
		{8F03F228-0CD9-44B4-BAD1-C7D4E1399F0B}.Debug|Any CPU.Build.0 = Debug|Any CPU
		{8F03F228-0CD9-44B4-BAD1-C7D4E1399F0B}.Release|Any CPU.ActiveCfg = Release|Any CPU
		{8F03F228-0CD9-44B4-BAD1-C7D4E1399F0B}.Release|Any CPU.Build.0 = Release|Any CPU

		{7DA2498A-C086-4046-AFF8-331B3D10C2B5}.Debug|Any CPU.ActiveCfg = Debug|Any CPU
		{7DA2498A-C086-4046-AFF8-331B3D10C2B5}.Debug|Any CPU.Build.0 = Debug|Any CPU
		{7DA2498A-C086-4046-AFF8-331B3D10C2B5}.Release|Any CPU.ActiveCfg = Release|Any CPU
		{7DA2498A-C086-4046-AFF8-331B3D10C2B5}.Release|Any CPU.Build.0 = Release|Any CPU

	EndGlobalSection
	GlobalSection(SolutionProperties) = preSolution
		HideSolutionNode = FALSE
	EndGlobalSection
	GlobalSection(NestedProjects) = preSolution
		{80D38051-682C-4143-82F7-8677DB46B85C} = {83436BDF-C680-415C-B125-A66C5C4990FB}
		{FF100B43-5618-4112-AE6A-8BA80705836E} = {E7F48F48-E9EC-4A7E-9B90-1C1EFB91D2FD}
		{D44A1B3E-E2D1-4B05-B74C-130B41007918} = {C780C672-B2D3-4C38-9413-1ABBA88885BD}
		{0B1CA8E5-3072-43E9-BD78-B1F7EAD09BA4} = {C780C672-B2D3-4C38-9413-1ABBA88885BD}
		{2620AC97-9CB4-4C58-A9CC-75ABC66C88C8} = {E7F48F48-E9EC-4A7E-9B90-1C1EFB91D2FD}
		{94E082C8-A315-4706-AFE7-737311408B9D} = {C780C672-B2D3-4C38-9413-1ABBA88885BD}
		{BE0764C8-24F3-445C-8A34-0FF4BD730696} = {C780C672-B2D3-4C38-9413-1ABBA88885BD}
		{A3017B0D-BC3A-45B3-89B1-206159BE8FA6} = {C780C672-B2D3-4C38-9413-1ABBA88885BD}

		{8F03F228-0CD9-44B4-BAD1-C7D4E1399F0B} = {C780C672-B2D3-4C38-9413-1ABBA88885BD}

		{7DA2498A-C086-4046-AFF8-331B3D10C2B5} = {C780C672-B2D3-4C38-9413-1ABBA88885BD}

	EndGlobalSection
	GlobalSection(ExtensibilityGlobals) = postSolution
		SolutionGuid = {736E1636-C7C4-4B01-AC5C-397D68000922}
	EndGlobalSection
EndGlobal
